
Microsoft Visual Studio Solution File, Format Version 12.00
# Visual Studio Version 17
VisualStudioVersion = 17.4.33403.182
MinimumVisualStudioVersion = 10.0.40219.1
Project("{8BC9CEB8-8B4A-11D0-8D11-00A0C91BC942}") = "merge_sort", "merge_sort.vcxproj", "{C51BF3C4-D5C2-4CD5-AFFD-46E5890AEE51}"
EndProject
Global
	GlobalSection(SolutionConfigurationPlatforms) = preSolution
		Debug|x64 = Debug|x64
		Debug|x86 = Debug|x86
		Release|x64 = Release|x64
		Release|x86 = Release|x86
	EndGlobalSection
	GlobalSection(ProjectConfigurationPlatforms) = postSolution
		{C51BF3C4-D5C2-4CD5-AFFD-46E5890AEE51}.Debug|x64.ActiveCfg = Debug|x64
		{C51BF3C4-D5C2-4CD5-AFFD-46E5890AEE51}.Debug|x64.Build.0 = Debug|x64
		{C51BF3C4-D5C2-4CD5-AFFD-46E5890AEE51}.Debug|x86.ActiveCfg = Debug|Win32
		{C51BF3C4-D5C2-4CD5-AFFD-46E5890AEE51}.Debug|x86.Build.0 = Debug|Win32
		{C51BF3C4-D5C2-4CD5-AFFD-46E5890AEE51}.Release|x64.ActiveCfg = Release|x64
		{C51BF3C4-D5C2-4CD5-AFFD-46E5890AEE51}.Release|x64.Build.0 = Release|x64
		{C51BF3C4-D5C2-4CD5-AFFD-46E5890AEE51}.Release|x86.ActiveCfg = Release|Win32
		{C51BF3C4-D5C2-4CD5-AFFD-46E5890AEE51}.Release|x86.Build.0 = Release|Win32
	EndGlobalSection
	GlobalSection(SolutionProperties) = preSolution
		HideSolutionNode = FALSE
	EndGlobalSection
	GlobalSection(ExtensibilityGlobals) = postSolution
		SolutionGuid = {0BB38A60-836D-441E-9406-C708F5AFA3AD}
	EndGlobalSection
EndGlobal
